
Microsoft Visual Studio Solution File, Format Version 12.00
# Visual Studio 2012
Project("{FAE04EC0-301F-11D3-BF4B-00C04F79EFBC}") = "TwilioIPMessagingSampleiOS", "TwilioIPMessagingSampleiOS\TwilioIPMessagingSampleiOS.csproj", "{DFFEF8B9-42F3-448C-AD7D-6BDD275190DF}"
EndProject
Project("{FAE04EC0-301F-11D3-BF4B-00C04F79EFBC}") = "Twilio.Common.iOS", "..\source\Twilio.Common.iOS\Twilio.Common.iOS.csproj", "{B87C8255-A818-4E20-9940-81BFEF9C5137}"
EndProject
Project("{FAE04EC0-301F-11D3-BF4B-00C04F79EFBC}") = "Twilio.IPMessaging.iOS", "..\source\Twilio.IPMessaging.iOS\Twilio.IPMessaging.iOS.csproj", "{B49319FF-A11F-4EC9-B518-C9F76FFC3707}"
EndProject
Global
	GlobalSection(SolutionConfigurationPlatforms) = preSolution
		Debug|iPhoneSimulator = Debug|iPhoneSimulator
		Release|iPhone = Release|iPhone
		Release|iPhoneSimulator = Release|iPhoneSimulator
		Debug|iPhone = Debug|iPhone
	EndGlobalSection
	GlobalSection(ProjectConfigurationPlatforms) = postSolution
		{B49319FF-A11F-4EC9-B518-C9F76FFC3707}.Debug|iPhone.ActiveCfg = Debug|Any CPU
		{B49319FF-A11F-4EC9-B518-C9F76FFC3707}.Debug|iPhone.Build.0 = Debug|Any CPU
		{B49319FF-A11F-4EC9-B518-C9F76FFC3707}.Debug|iPhoneSimulator.ActiveCfg = Debug|Any CPU
		{B49319FF-A11F-4EC9-B518-C9F76FFC3707}.Debug|iPhoneSimulator.Build.0 = Debug|Any CPU
		{B49319FF-A11F-4EC9-B518-C9F76FFC3707}.Release|iPhone.ActiveCfg = Release|Any CPU
		{B49319FF-A11F-4EC9-B518-C9F76FFC3707}.Release|iPhone.Build.0 = Release|Any CPU
		{B49319FF-A11F-4EC9-B518-C9F76FFC3707}.Release|iPhoneSimulator.ActiveCfg = Release|Any CPU
		{B49319FF-A11F-4EC9-B518-C9F76FFC3707}.Release|iPhoneSimulator.Build.0 = Release|Any CPU
		{B87C8255-A818-4E20-9940-81BFEF9C5137}.Debug|iPhone.ActiveCfg = Debug|Any CPU
		{B87C8255-A818-4E20-9940-81BFEF9C5137}.Debug|iPhone.Build.0 = Debug|Any CPU
		{B87C8255-A818-4E20-9940-81BFEF9C5137}.Debug|iPhoneSimulator.ActiveCfg = Debug|Any CPU
		{B87C8255-A818-4E20-9940-81BFEF9C5137}.Debug|iPhoneSimulator.Build.0 = Debug|Any CPU
		{B87C8255-A818-4E20-9940-81BFEF9C5137}.Release|iPhone.ActiveCfg = Release|Any CPU
		{B87C8255-A818-4E20-9940-81BFEF9C5137}.Release|iPhone.Build.0 = Release|Any CPU
		{B87C8255-A818-4E20-9940-81BFEF9C5137}.Release|iPhoneSimulator.ActiveCfg = Release|Any CPU
		{B87C8255-A818-4E20-9940-81BFEF9C5137}.Release|iPhoneSimulator.Build.0 = Release|Any CPU
		{DFFEF8B9-42F3-448C-AD7D-6BDD275190DF}.Debug|iPhone.ActiveCfg = Debug|iPhone
		{DFFEF8B9-42F3-448C-AD7D-6BDD275190DF}.Debug|iPhone.Build.0 = Debug|iPhone
		{DFFEF8B9-42F3-448C-AD7D-6BDD275190DF}.Debug|iPhoneSimulator.ActiveCfg = Debug|iPhoneSimulator
		{DFFEF8B9-42F3-448C-AD7D-6BDD275190DF}.Debug|iPhoneSimulator.Build.0 = Debug|iPhoneSimulator
		{DFFEF8B9-42F3-448C-AD7D-6BDD275190DF}.Release|iPhone.ActiveCfg = Release|iPhone
		{DFFEF8B9-42F3-448C-AD7D-6BDD275190DF}.Release|iPhone.Build.0 = Release|iPhone
		{DFFEF8B9-42F3-448C-AD7D-6BDD275190DF}.Release|iPhoneSimulator.ActiveCfg = Release|iPhoneSimulator
		{DFFEF8B9-42F3-448C-AD7D-6BDD275190DF}.Release|iPhoneSimulator.Build.0 = Release|iPhoneSimulator
	EndGlobalSection
EndGlobal
