
Microsoft Visual Studio Solution File, Format Version 12.00
# Visual Studio 2012
Project("{FAE04EC0-301F-11D3-BF4B-00C04F79EFBC}") = "TwilioIPMessagingSampleAndroid", "TwilioIPMessagingSampleAndroid\TwilioIPMessagingSampleAndroid.csproj", "{ECC44C96-2A6D-4D0E-90EC-66DAD73569C6}"
EndProject
Global
	GlobalSection(SolutionConfigurationPlatforms) = preSolution
		Debug|Any CPU = Debug|Any CPU
		Release|Any CPU = Release|Any CPU
	EndGlobalSection
	GlobalSection(ProjectConfigurationPlatforms) = postSolution
		{ECC44C96-2A6D-4D0E-90EC-66DAD73569C6}.Debug|Any CPU.ActiveCfg = Debug|Any CPU
		{ECC44C96-2A6D-4D0E-90EC-66DAD73569C6}.Debug|Any CPU.Build.0 = Debug|Any CPU
		{ECC44C96-2A6D-4D0E-90EC-66DAD73569C6}.Release|Any CPU.ActiveCfg = Release|Any CPU
		{ECC44C96-2A6D-4D0E-90EC-66DAD73569C6}.Release|Any CPU.Build.0 = Release|Any CPU
	EndGlobalSection
EndGlobal
