
Microsoft Visual Studio Solution File, Format Version 12.00
# Visual Studio 2012
Project("{FAE04EC0-301F-11D3-BF4B-00C04F79EFBC}") = "TwilioIPMessagingSampleiOS", "TwilioIPMessagingSampleiOS\TwilioIPMessagingSampleiOS.csproj", "{DFFEF8B9-42F3-448C-AD7D-6BDD275190DF}"
EndProject
Global
	GlobalSection(SolutionConfigurationPlatforms) = preSolution
		Debug|iPhoneSimulator = Debug|iPhoneSimulator
		Release|iPhone = Release|iPhone
		Release|iPhoneSimulator = Release|iPhoneSimulator
		Debug|iPhone = Debug|iPhone
	EndGlobalSection
	GlobalSection(ProjectConfigurationPlatforms) = postSolution
		{DFFEF8B9-42F3-448C-AD7D-6BDD275190DF}.Debug|iPhone.ActiveCfg = Debug|iPhone
		{DFFEF8B9-42F3-448C-AD7D-6BDD275190DF}.Debug|iPhone.Build.0 = Debug|iPhone
		{DFFEF8B9-42F3-448C-AD7D-6BDD275190DF}.Debug|iPhoneSimulator.ActiveCfg = Debug|iPhoneSimulator
		{DFFEF8B9-42F3-448C-AD7D-6BDD275190DF}.Debug|iPhoneSimulator.Build.0 = Debug|iPhoneSimulator
		{DFFEF8B9-42F3-448C-AD7D-6BDD275190DF}.Release|iPhone.ActiveCfg = Release|iPhone
		{DFFEF8B9-42F3-448C-AD7D-6BDD275190DF}.Release|iPhone.Build.0 = Release|iPhone
		{DFFEF8B9-42F3-448C-AD7D-6BDD275190DF}.Release|iPhoneSimulator.ActiveCfg = Release|iPhoneSimulator
		{DFFEF8B9-42F3-448C-AD7D-6BDD275190DF}.Release|iPhoneSimulator.Build.0 = Release|iPhoneSimulator
	EndGlobalSection
EndGlobal
